{
  "name": "springsdigital",
  "requires": true,
  "lockfileVersion": 1,
  "dependencies": {
    "@babel/runtime": {
      "version": "7.4.5",
      "resolved": "https://registry.npmjs.org/@babel/runtime/-/runtime-7.4.5.tgz",
      "integrity": "sha512-TuI4qpWZP6lGOGIuGWtp9sPluqYICmbk8T/1vpSysqJxRPkudh/ofFWyqdcMsDf2s7KvDL4/YHgKyvcS3g9CJQ==",
      "requires": {
        "regenerator-runtime": "^0.13.2"
      }
    },
    "@shopify/app-bridge": {
      "version": "1.6.1",
      "resolved": "https://registry.npmjs.org/@shopify/app-bridge/-/app-bridge-1.6.1.tgz",
      "integrity": "sha512-qMQeWbHBVp+WU6Z1h/Fj4zubZ/7cDZ4todTO6fMRPKKDk7x3arxolXo601A4kvii46OT0XrpOF7Ibo1mfgl0MA=="
    },
    "@shopify/css-utilities": {
      "version": "1.0.0",
      "resolved": "https://registry.npmjs.org/@shopify/css-utilities/-/css-utilities-1.0.0.tgz",
      "integrity": "sha512-ZdJ65xcen1OUXcYwvYn5IW9wX8LAm5/cafbeu+BujXY4m5hMA9LiXz+T8LznkdRei0u0YxaAXT+Nwp+Ls5QB0Q==",
      "requires": {
        "@types/classnames": "^2.2.7",
        "classnames": "^2.2.6"
      }
    },
    "@shopify/javascript-utilities": {
      "version": "2.4.0",
      "resolved": "https://registry.npmjs.org/@shopify/javascript-utilities/-/javascript-utilities-2.4.0.tgz",
      "integrity": "sha512-ZfQo1i87iKsSR7mkJOk3/7aPgfuXPrTTbM0dUJTlzdyf13ftJ2Val/WdMicaCVFu2r60uSsqoq/QpF0fLFVlcQ==",
      "requires": {
        "@types/lodash": "^4.14.65",
        "@types/react": "^16.0.2",
        "lodash": "^4.17.4",
        "lodash-decorators": "^4.3.5"
      }
    },
    "@shopify/polaris": {
      "version": "3.16.0",
      "resolved": "https://registry.npmjs.org/@shopify/polaris/-/polaris-3.16.0.tgz",
      "integrity": "sha512-GaCs12SD/Cy5eNmNMIatfLAax5XdNsa6rmAEg/dyqSqEqBZvrzRErBzXW7mjtRcK8FdWVMuiEYOuDaxb65Wwiw==",
      "requires": {
        "@babel/runtime": "^7.1.6",
        "@shopify/app-bridge": "^1.3.0",
        "@shopify/css-utilities": "^1.0.0",
        "@shopify/javascript-utilities": "^2.2.1",
        "@shopify/polaris-icons": "^3.3.0",
        "@shopify/polaris-tokens": "^2.5.0",
        "@shopify/react-compose": "^1.0.0",
        "@shopify/useful-types": "^1.2.4",
        "@types/react": "^16.4.7",
        "@types/react-dom": "^16.0.6",
        "@types/react-transition-group": "^2.0.7",
        "hoist-non-react-statics": "^2.5.0",
        "lodash": "^4.17.4",
        "prop-types": "^15.6.1",
        "react-transition-group": "^2.4.0",
        "tslib": "^1.9.3"
      }
    },
    "@shopify/polaris-icons": {
      "version": "3.4.0",
      "resolved": "https://registry.npmjs.org/@shopify/polaris-icons/-/polaris-icons-3.4.0.tgz",
      "integrity": "sha512-6j68YVDmW6UCBaypfYB3zsHQ/U10x+ukluVkn7XzyBUMYZhktnRMswSm+kViE/qmfkrLsCKS7OLlWvBsp+CpBQ=="
    },
    "@shopify/polaris-tokens": {
      "version": "2.6.0",
      "resolved": "https://registry.npmjs.org/@shopify/polaris-tokens/-/polaris-tokens-2.6.0.tgz",
      "integrity": "sha512-l2AwgZhujgu/C1cchJginWODXWcjhrpqrh+lcI+SM3MSSca6l2zSXa3B5OqCcspk6DIQDeJEn5BvXJgT7AJNPQ=="
    },
    "@shopify/react-compose": {
      "version": "1.0.1",
      "resolved": "https://registry.npmjs.org/@shopify/react-compose/-/react-compose-1.0.1.tgz",
      "integrity": "sha512-kO/l1e+CEpbaRfU23v4ntdEayEMw/BLjqsv+yy8Aiy0LNtGotnOWaCUP2kdgjI2YGndsYarluA9Hf6wQ9nkA3w==",
      "requires": {
        "@shopify/useful-types": "^1.3.0",
        "hoist-non-react-statics": "^3.0.1",
        "tslib": "^1.9.3"
      },
      "dependencies": {
        "hoist-non-react-statics": {
          "version": "3.3.0",
          "resolved": "https://registry.npmjs.org/hoist-non-react-statics/-/hoist-non-react-statics-3.3.0.tgz",
          "integrity": "sha512-0XsbTXxgiaCDYDIWFcwkmerZPSwywfUqYmwT4jzewKTQSWoE6FCMoUVOeBJWK3E/CrWbxRG3m5GzY4lnIwGRBA==",
          "requires": {
            "react-is": "^16.7.0"
          }
        }
      }
    },
    "@shopify/useful-types": {
      "version": "1.3.0",
      "resolved": "https://registry.npmjs.org/@shopify/useful-types/-/useful-types-1.3.0.tgz",
      "integrity": "sha512-BQw5KFuDm7aAH1bPECxnC1bPyaLSmZP0ecs0XwzKtgltBHWGvgu8dpqNXvY+sDfG5tnF+79EjiytRCOsTElyIg==",
      "requires": {
        "@types/react": ">=16.4.0",
        "tslib": "^1.9.3"
      }
    },
    "@types/classnames": {
      "version": "2.2.8",
      "resolved": "https://registry.npmjs.org/@types/classnames/-/classnames-2.2.8.tgz",
      "integrity": "sha512-3UrLzPnz8u+MMXuJTF++389IfLSQUbl5F3ry9WCxva0BKG5H/oo5NuPRXk+HrpPU1+5pVHSWhnVWRzIaFQ7QuQ=="
    },
    "@types/lodash": {
      "version": "4.14.134",
      "resolved": "https://registry.npmjs.org/@types/lodash/-/lodash-4.14.134.tgz",
      "integrity": "sha512-2/O0khFUCFeDlbi7sZ7ZFRCcT812fAeOLm7Ev4KbwASkZ575TDrDcY7YyaoHdTOzKcNbfiwLYZqPmoC4wadrsw=="
    },
    "@types/prop-types": {
      "version": "15.7.1",
      "resolved": "https://registry.npmjs.org/@types/prop-types/-/prop-types-15.7.1.tgz",
      "integrity": "sha512-CFzn9idOEpHrgdw8JsoTkaDDyRWk1jrzIV8djzcgpq0y9tG4B4lFT+Nxh52DVpDXV+n4+NPNv7M1Dj5uMp6XFg=="
    },
    "@types/react": {
      "version": "16.8.19",
      "resolved": "https://registry.npmjs.org/@types/react/-/react-16.8.19.tgz",
      "integrity": "sha512-QzEzjrd1zFzY9cDlbIiFvdr+YUmefuuRYrPxmkwG0UQv5XF35gFIi7a95m1bNVcFU0VimxSZ5QVGSiBmlggQXQ==",
      "requires": {
        "@types/prop-types": "*",
        "csstype": "^2.2.0"
      }
    },
    "@types/react-dom": {
      "version": "16.8.4",
      "resolved": "https://registry.npmjs.org/@types/react-dom/-/react-dom-16.8.4.tgz",
      "integrity": "sha512-eIRpEW73DCzPIMaNBDP5pPIpK1KXyZwNgfxiVagb5iGiz6da+9A5hslSX6GAQKdO7SayVCS/Fr2kjqprgAvkfA==",
      "requires": {
        "@types/react": "*"
      }
    },
    "@types/react-transition-group": {
      "version": "2.9.2",
      "resolved": "https://registry.npmjs.org/@types/react-transition-group/-/react-transition-group-2.9.2.tgz",
      "integrity": "sha512-5Fv2DQNO+GpdPZcxp2x/OQG/H19A01WlmpjVD9cKvVFmoVLOZ9LvBgSWG6pSXIU4og5fgbvGPaCV5+VGkWAEHA==",
      "requires": {
        "@types/react": "*"
      }
    },
    "classnames": {
      "version": "2.2.6",
      "resolved": "https://registry.npmjs.org/classnames/-/classnames-2.2.6.tgz",
      "integrity": "sha512-JR/iSQOSt+LQIWwrwEzJ9uk0xfN3mTVYMwt1Ir5mUcSN6pU+V4zQFFaJsclJbPuAUQH+yfWef6tm7l1quW3C8Q=="
    },
    "cors-anywhere": {
      "version": "0.4.1",
      "resolved": "https://registry.npmjs.org/cors-anywhere/-/cors-anywhere-0.4.1.tgz",
      "integrity": "sha512-UKK0g2uT63x3hvyU1jjdSOPY4zIOB0iXveA7puYm8QIprQ1KVQQEFVbDHg5q02c5uAEYy+yY2Ic0RAC45dF2Ag==",
      "requires": {
        "http-proxy": "1.11.1",
        "proxy-from-env": "0.0.1"
      }
    },
    "csstype": {
      "version": "2.6.5",
      "resolved": "https://registry.npmjs.org/csstype/-/csstype-2.6.5.tgz",
      "integrity": "sha512-JsTaiksRsel5n7XwqPAfB0l3TFKdpjW/kgAELf9vrb5adGA7UCPLajKK5s3nFrcFm3Rkyp/Qkgl73ENc1UY3cA=="
    },
    "curlrequest": {
      "version": "1.0.1",
      "resolved": "https://registry.npmjs.org/curlrequest/-/curlrequest-1.0.1.tgz",
      "integrity": "sha1-zT2OBOgdeZawoc2XFssJ1QtB1Q8="
    },
    "dom-helpers": {
      "version": "3.4.0",
      "resolved": "https://registry.npmjs.org/dom-helpers/-/dom-helpers-3.4.0.tgz",
      "integrity": "sha512-LnuPJ+dwqKDIyotW1VzmOZ5TONUN7CwkCR5hrgawTUbkBGYdeoNLZo6nNfGkCrjtE1nXXaj7iMMpDa8/d9WoIA==",
      "requires": {
        "@babel/runtime": "^7.1.2"
      }
    },
    "eventemitter3": {
      "version": "1.2.0",
      "resolved": "https://registry.npmjs.org/eventemitter3/-/eventemitter3-1.2.0.tgz",
      "integrity": "sha1-HIaZHYFq0eUEdQ5zh0Ik7PO+xQg="
    },
    "hoist-non-react-statics": {
      "version": "2.5.5",
      "resolved": "https://registry.npmjs.org/hoist-non-react-statics/-/hoist-non-react-statics-2.5.5.tgz",
      "integrity": "sha512-rqcy4pJo55FTTLWt+bU8ukscqHeE/e9KWvsOW2b/a3afxQZhwkQdT1rPPCJ0rYXdj4vNcasY8zHTH+jF/qStxw=="
    },
    "http-proxy": {
      "version": "1.11.1",
      "resolved": "https://registry.npmjs.org/http-proxy/-/http-proxy-1.11.1.tgz",
      "integrity": "sha1-cd9VdX6ALVjqgQ3yJEAZ3aBa6F0=",
      "requires": {
        "eventemitter3": "1.x.x",
        "requires-port": "0.x.x"
      }
    },
    "js-tokens": {
      "version": "4.0.0",
      "resolved": "https://registry.npmjs.org/js-tokens/-/js-tokens-4.0.0.tgz",
      "integrity": "sha512-RdJUflcE3cUzKiMqQgsCu06FPu9UdIJO0beYbPhHN4k6apgJtifcoCtT9bcxOpYBtpD2kCM6Sbzg4CausW/PKQ=="
    },
    "lodash": {
      "version": "4.17.15",
      "resolved": "https://registry.npmjs.org/lodash/-/lodash-4.17.15.tgz",
      "integrity": "sha512-8xOcRHvCjnocdS5cpwXQXVzmmh5e5+saE2QGoeQmbKmRS6J3VQppPOIt0MnmE+4xlZoumy0GPG0D0MVIQbNA1A=="
    },
    "lodash-decorators": {
      "version": "4.5.0",
      "resolved": "https://registry.npmjs.org/lodash-decorators/-/lodash-decorators-4.5.0.tgz",
      "integrity": "sha512-isfVBBSzzXu7Z6abY/Bit5hCbM+gPhQx/DluTPAmzUPF3KRtvLLRNBgVFUxw6B8vwTMGyQFRVqbvQBli9hsXZA==",
      "requires": {
        "tslib": "^1.7.1"
      }
    },
    "loose-envify": {
      "version": "1.4.0",
      "resolved": "https://registry.npmjs.org/loose-envify/-/loose-envify-1.4.0.tgz",
      "integrity": "sha512-lyuxPGr/Wfhrlem2CL/UcnUc1zcqKAImBDzukY7Y5F/yQiNdko6+fRLevlw1HgMySw7f611UIY408EtxRSoK3Q==",
      "requires": {
        "js-tokens": "^3.0.0 || ^4.0.0"
      }
    },
    "meteor-node-stubs": {
      "version": "0.4.1",
      "resolved": "https://registry.npmjs.org/meteor-node-stubs/-/meteor-node-stubs-0.4.1.tgz",
      "integrity": "sha512-UO2OStvLOKoApmOdIP5eCqoLaa/ritMXRg4ffJVdkNLEsczzPvTjgC0Mxk4cM4R8MZkwll90FYgjDf5qUTJdMA==",
      "requires": {
        "assert": "^1.4.1",
        "browserify-zlib": "^0.1.4",
        "buffer": "^4.9.1",
        "console-browserify": "^1.1.0",
        "constants-browserify": "^1.0.0",
        "crypto-browserify": "^3.11.0",
        "domain-browser": "^1.1.7",
        "events": "^1.1.1",
        "https-browserify": "0.0.1",
        "os-browserify": "^0.2.1",
        "path-browserify": "0.0.0",
        "process": "^0.11.9",
        "punycode": "^1.4.1",
        "querystring-es3": "^0.2.1",
        "readable-stream": "^2.3.6",
        "stream-browserify": "^2.0.1",
        "stream-http": "^2.8.0",
        "string_decoder": "^1.1.0",
        "timers-browserify": "^1.4.2",
        "tty-browserify": "0.0.0",
        "url": "^0.11.0",
        "util": "^0.10.3",
        "vm-browserify": "0.0.4"
      },
      "dependencies": {
        "asn1.js": {
          "version": "4.10.1",
          "bundled": true,
          "requires": {
            "bn.js": "^4.0.0",
            "inherits": "^2.0.1",
            "minimalistic-assert": "^1.0.0"
          }
        },
        "assert": {
          "version": "1.4.1",
          "bundled": true,
          "requires": {
            "util": "0.10.3"
          }
        },
        "base64-js": {
          "version": "1.3.0",
          "bundled": true
        },
        "bn.js": {
          "version": "4.11.8",
          "bundled": true
        },
        "brorand": {
          "version": "1.1.0",
          "bundled": true
        },
        "browserify-aes": {
          "version": "1.2.0",
          "bundled": true,
          "requires": {
            "buffer-xor": "^1.0.3",
            "cipher-base": "^1.0.0",
            "create-hash": "^1.1.0",
            "evp_bytestokey": "^1.0.3",
            "inherits": "^2.0.1",
            "safe-buffer": "^5.0.1"
          }
        },
        "browserify-cipher": {
          "version": "1.0.1",
          "bundled": true,
          "requires": {
            "browserify-aes": "^1.0.4",
            "browserify-des": "^1.0.0",
            "evp_bytestokey": "^1.0.0"
          }
        },
        "browserify-des": {
          "version": "1.0.1",
          "bundled": true,
          "requires": {
            "cipher-base": "^1.0.1",
            "des.js": "^1.0.0",
            "inherits": "^2.0.1"
          }
        },
        "browserify-rsa": {
          "version": "4.0.1",
          "bundled": true,
          "requires": {
            "bn.js": "^4.1.0",
            "randombytes": "^2.0.1"
          }
        },
        "browserify-sign": {
          "version": "4.0.4",
          "bundled": true,
          "requires": {
            "bn.js": "^4.1.1",
            "browserify-rsa": "^4.0.0",
            "create-hash": "^1.1.0",
            "create-hmac": "^1.1.2",
            "elliptic": "^6.0.0",
            "inherits": "^2.0.1",
            "parse-asn1": "^5.0.0"
          }
        },
        "browserify-zlib": {
          "version": "0.1.4",
          "bundled": true,
          "requires": {
            "pako": "~0.2.0"
          }
        },
        "buffer": {
          "version": "4.9.1",
          "bundled": true,
          "requires": {
            "base64-js": "^1.0.2",
            "ieee754": "^1.1.4",
            "isarray": "^1.0.0"
          }
        },
        "buffer-xor": {
          "version": "1.0.3",
          "bundled": true
        },
        "builtin-status-codes": {
          "version": "3.0.0",
          "bundled": true
        },
        "cipher-base": {
          "version": "1.0.4",
          "bundled": true,
          "requires": {
            "inherits": "^2.0.1",
            "safe-buffer": "^5.0.1"
          }
        },
        "console-browserify": {
          "version": "1.1.0",
          "bundled": true,
          "requires": {
            "date-now": "^0.1.4"
          }
        },
        "constants-browserify": {
          "version": "1.0.0",
          "bundled": true
        },
        "core-util-is": {
          "version": "1.0.2",
          "bundled": true
        },
        "create-ecdh": {
          "version": "4.0.3",
          "bundled": true,
          "requires": {
            "bn.js": "^4.1.0",
            "elliptic": "^6.0.0"
          }
        },
        "create-hash": {
          "version": "1.2.0",
          "bundled": true,
          "requires": {
            "cipher-base": "^1.0.1",
            "inherits": "^2.0.1",
            "md5.js": "^1.3.4",
            "ripemd160": "^2.0.1",
            "sha.js": "^2.4.0"
          }
        },
        "create-hmac": {
          "version": "1.1.7",
          "bundled": true,
          "requires": {
            "cipher-base": "^1.0.3",
            "create-hash": "^1.1.0",
            "inherits": "^2.0.1",
            "ripemd160": "^2.0.0",
            "safe-buffer": "^5.0.1",
            "sha.js": "^2.4.8"
          }
        },
        "crypto-browserify": {
          "version": "3.12.0",
          "bundled": true,
          "requires": {
            "browserify-cipher": "^1.0.0",
            "browserify-sign": "^4.0.0",
            "create-ecdh": "^4.0.0",
            "create-hash": "^1.1.0",
            "create-hmac": "^1.1.0",
            "diffie-hellman": "^5.0.0",
            "inherits": "^2.0.1",
            "pbkdf2": "^3.0.3",
            "public-encrypt": "^4.0.0",
            "randombytes": "^2.0.0",
            "randomfill": "^1.0.3"
          }
        },
        "date-now": {
          "version": "0.1.4",
          "bundled": true
        },
        "des.js": {
          "version": "1.0.0",
          "bundled": true,
          "requires": {
            "inherits": "^2.0.1",
            "minimalistic-assert": "^1.0.0"
          }
        },
        "diffie-hellman": {
          "version": "5.0.3",
          "bundled": true,
          "requires": {
            "bn.js": "^4.1.0",
            "miller-rabin": "^4.0.0",
            "randombytes": "^2.0.0"
          }
        },
        "domain-browser": {
          "version": "1.2.0",
          "bundled": true
        },
        "elliptic": {
          "version": "6.4.0",
          "bundled": true,
          "requires": {
            "bn.js": "^4.4.0",
            "brorand": "^1.0.1",
            "hash.js": "^1.0.0",
            "hmac-drbg": "^1.0.0",
            "inherits": "^2.0.1",
            "minimalistic-assert": "^1.0.0",
            "minimalistic-crypto-utils": "^1.0.0"
          }
        },
        "events": {
          "version": "1.1.1",
          "bundled": true
        },
        "evp_bytestokey": {
          "version": "1.0.3",
          "bundled": true,
          "requires": {
            "md5.js": "^1.3.4",
            "safe-buffer": "^5.1.1"
          }
        },
        "hash-base": {
          "version": "3.0.4",
          "bundled": true,
          "requires": {
            "inherits": "^2.0.1",
            "safe-buffer": "^5.0.1"
          }
        },
        "hash.js": {
          "version": "1.1.3",
          "bundled": true,
          "requires": {
            "inherits": "^2.0.3",
            "minimalistic-assert": "^1.0.0"
          },
          "dependencies": {
            "inherits": {
              "version": "2.0.3",
              "bundled": true
            }
          }
        },
        "hmac-drbg": {
          "version": "1.0.1",
          "bundled": true,
          "requires": {
            "hash.js": "^1.0.3",
            "minimalistic-assert": "^1.0.0",
            "minimalistic-crypto-utils": "^1.0.1"
          }
        },
        "https-browserify": {
          "version": "0.0.1",
          "bundled": true
        },
        "ieee754": {
          "version": "1.1.11",
          "bundled": true
        },
        "indexof": {
          "version": "0.0.1",
          "bundled": true
        },
        "inherits": {
          "version": "2.0.1",
          "bundled": true
        },
        "isarray": {
          "version": "1.0.0",
          "bundled": true
        },
        "md5.js": {
          "version": "1.3.4",
          "bundled": true,
          "requires": {
            "hash-base": "^3.0.0",
            "inherits": "^2.0.1"
          }
        },
        "miller-rabin": {
          "version": "4.0.1",
          "bundled": true,
          "requires": {
            "bn.js": "^4.0.0",
            "brorand": "^1.0.1"
          }
        },
        "minimalistic-assert": {
          "version": "1.0.1",
          "bundled": true
        },
        "minimalistic-crypto-utils": {
          "version": "1.0.1",
          "bundled": true
        },
        "os-browserify": {
          "version": "0.2.1",
          "bundled": true
        },
        "pako": {
          "version": "0.2.9",
          "bundled": true
        },
        "parse-asn1": {
          "version": "5.1.1",
          "bundled": true,
          "requires": {
            "asn1.js": "^4.0.0",
            "browserify-aes": "^1.0.0",
            "create-hash": "^1.1.0",
            "evp_bytestokey": "^1.0.0",
            "pbkdf2": "^3.0.3"
          }
        },
        "path-browserify": {
          "version": "0.0.0",
          "bundled": true
        },
        "pbkdf2": {
          "version": "3.0.16",
          "bundled": true,
          "requires": {
            "create-hash": "^1.1.2",
            "create-hmac": "^1.1.4",
            "ripemd160": "^2.0.1",
            "safe-buffer": "^5.0.1",
            "sha.js": "^2.4.8"
          }
        },
        "process": {
          "version": "0.11.10",
          "bundled": true
        },
        "process-nextick-args": {
          "version": "2.0.0",
          "bundled": true
        },
        "public-encrypt": {
          "version": "4.0.2",
          "bundled": true,
          "requires": {
            "bn.js": "^4.1.0",
            "browserify-rsa": "^4.0.0",
            "create-hash": "^1.1.0",
            "parse-asn1": "^5.0.0",
            "randombytes": "^2.0.1"
          }
        },
        "punycode": {
          "version": "1.4.1",
          "bundled": true
        },
        "querystring": {
          "version": "0.2.0",
          "bundled": true
        },
        "querystring-es3": {
          "version": "0.2.1",
          "bundled": true
        },
        "randombytes": {
          "version": "2.0.6",
          "bundled": true,
          "requires": {
            "safe-buffer": "^5.1.0"
          }
        },
        "randomfill": {
          "version": "1.0.4",
          "bundled": true,
          "requires": {
            "randombytes": "^2.0.5",
            "safe-buffer": "^5.1.0"
          }
        },
        "readable-stream": {
          "version": "2.3.6",
          "bundled": true,
          "requires": {
            "core-util-is": "~1.0.0",
            "inherits": "~2.0.3",
            "isarray": "~1.0.0",
            "process-nextick-args": "~2.0.0",
            "safe-buffer": "~5.1.1",
            "string_decoder": "~1.1.1",
            "util-deprecate": "~1.0.1"
          },
          "dependencies": {
            "inherits": {
              "version": "2.0.3",
              "bundled": true
            }
          }
        },
        "ripemd160": {
          "version": "2.0.2",
          "bundled": true,
          "requires": {
            "hash-base": "^3.0.0",
            "inherits": "^2.0.1"
          }
        },
        "safe-buffer": {
          "version": "5.1.2",
          "bundled": true
        },
        "sha.js": {
          "version": "2.4.11",
          "bundled": true,
          "requires": {
            "inherits": "^2.0.1",
            "safe-buffer": "^5.0.1"
          }
        },
        "stream-browserify": {
          "version": "2.0.1",
          "bundled": true,
          "requires": {
            "inherits": "~2.0.1",
            "readable-stream": "^2.0.2"
          }
        },
        "stream-http": {
          "version": "2.8.1",
          "bundled": true,
          "requires": {
            "builtin-status-codes": "^3.0.0",
            "inherits": "^2.0.1",
            "readable-stream": "^2.3.3",
            "to-arraybuffer": "^1.0.0",
            "xtend": "^4.0.0"
          }
        },
        "string_decoder": {
          "version": "1.1.1",
          "bundled": true,
          "requires": {
            "safe-buffer": "~5.1.0"
          }
        },
        "timers-browserify": {
          "version": "1.4.2",
          "bundled": true,
          "requires": {
            "process": "~0.11.0"
          }
        },
        "to-arraybuffer": {
          "version": "1.0.1",
          "bundled": true
        },
        "tty-browserify": {
          "version": "0.0.0",
          "bundled": true
        },
        "url": {
          "version": "0.11.0",
          "bundled": true,
          "requires": {
            "punycode": "1.3.2",
            "querystring": "0.2.0"
          },
          "dependencies": {
            "punycode": {
              "version": "1.3.2",
              "bundled": true
            }
          }
        },
        "util": {
          "version": "0.10.3",
          "bundled": true,
          "requires": {
            "inherits": "2.0.1"
          }
        },
        "util-deprecate": {
          "version": "1.0.2",
          "bundled": true
        },
        "vm-browserify": {
          "version": "0.0.4",
          "bundled": true,
          "requires": {
            "indexof": "0.0.1"
          }
        },
        "xtend": {
          "version": "4.0.1",
          "bundled": true
        }
      }
    },
    "moment": {
      "version": "2.24.0",
      "resolved": "https://registry.npmjs.org/moment/-/moment-2.24.0.tgz",
      "integrity": "sha512-bV7f+6l2QigeBBZSM/6yTNq4P2fNpSWj/0e7jQcy87A8e7o2nAfP/34/2ky5Vw4B9S446EtIhodAzkFCcR4dQg=="
    },
    "object-assign": {
      "version": "4.1.1",
      "resolved": "https://registry.npmjs.org/object-assign/-/object-assign-4.1.1.tgz",
      "integrity": "sha1-IQmtx5ZYh8/AXLvUQsrIv7s2CGM="
    },
    "prop-types": {
      "version": "15.7.2",
      "resolved": "https://registry.npmjs.org/prop-types/-/prop-types-15.7.2.tgz",
      "integrity": "sha512-8QQikdH7//R2vurIJSutZ1smHYTcLpRWEOlHnzcWHmBYrOGUysKwSsrC89BCiFj3CbrfJ/nXFdJepOVrY1GCHQ==",
      "requires": {
        "loose-envify": "^1.4.0",
        "object-assign": "^4.1.1",
        "react-is": "^16.8.1"
      }
    },
    "proxy-from-env": {
      "version": "0.0.1",
      "resolved": "https://registry.npmjs.org/proxy-from-env/-/proxy-from-env-0.0.1.tgz",
      "integrity": "sha1-snxJRunm1dutt1mKZDXTAUxM/Uk="
    },
    "react": {
      "version": "16.8.6",
      "resolved": "https://registry.npmjs.org/react/-/react-16.8.6.tgz",
      "integrity": "sha512-pC0uMkhLaHm11ZSJULfOBqV4tIZkx87ZLvbbQYunNixAAvjnC+snJCg0XQXn9VIsttVsbZP/H/ewzgsd5fxKXw==",
      "requires": {
        "loose-envify": "^1.1.0",
        "object-assign": "^4.1.1",
        "prop-types": "^15.6.2",
        "scheduler": "^0.13.6"
      }
    },
    "react-dom": {
      "version": "16.8.6",
      "resolved": "https://registry.npmjs.org/react-dom/-/react-dom-16.8.6.tgz",
      "integrity": "sha512-1nL7PIq9LTL3fthPqwkvr2zY7phIPjYrT0jp4HjyEQrEROnw4dG41VVwi/wfoCneoleqrNX7iAD+pXebJZwrwA==",
      "requires": {
        "loose-envify": "^1.1.0",
        "object-assign": "^4.1.1",
        "prop-types": "^15.6.2",
        "scheduler": "^0.13.6"
      }
    },
    "react-is": {
      "version": "16.8.6",
      "resolved": "https://registry.npmjs.org/react-is/-/react-is-16.8.6.tgz",
      "integrity": "sha512-aUk3bHfZ2bRSVFFbbeVS4i+lNPZr3/WM5jT2J5omUVV1zzcs1nAaf3l51ctA5FFvCRbhrH0bdAsRRQddFJZPtA=="
    },
    "react-lifecycles-compat": {
      "version": "3.0.4",
      "resolved": "https://registry.npmjs.org/react-lifecycles-compat/-/react-lifecycles-compat-3.0.4.tgz",
      "integrity": "sha512-fBASbA6LnOU9dOU2eW7aQ8xmYBSXUIWr+UmF9b1efZBazGNO+rcXT/icdKnYm2pTwcRylVUYwW7H1PHfLekVzA=="
    },
    "react-transition-group": {
      "version": "2.9.0",
      "resolved": "https://registry.npmjs.org/react-transition-group/-/react-transition-group-2.9.0.tgz",
      "integrity": "sha512-+HzNTCHpeQyl4MJ/bdE0u6XRMe9+XG/+aL4mCxVN4DnPBQ0/5bfHWPDuOZUzYdMj94daZaZdCCc1Dzt9R/xSSg==",
      "requires": {
        "dom-helpers": "^3.4.0",
        "loose-envify": "^1.4.0",
        "prop-types": "^15.6.2",
        "react-lifecycles-compat": "^3.0.4"
      }
    },
    "regenerator-runtime": {
      "version": "0.13.2",
      "resolved": "https://registry.npmjs.org/regenerator-runtime/-/regenerator-runtime-0.13.2.tgz",
      "integrity": "sha512-S/TQAZJO+D3m9xeN1WTI8dLKBBiRgXBlTJvbWjCThHWZj9EvHK70Ff50/tYj2J/fvBY6JtFVwRuazHN2E7M9BA=="
    },
    "requires-port": {
      "version": "0.0.1",
      "resolved": "https://registry.npmjs.org/requires-port/-/requires-port-0.0.1.tgz",
      "integrity": "sha1-S0QUQR2d98hVmV3YmajHiilRwW0="
    },
    "scheduler": {
      "version": "0.13.6",
      "resolved": "https://registry.npmjs.org/scheduler/-/scheduler-0.13.6.tgz",
      "integrity": "sha512-IWnObHt413ucAYKsD9J1QShUKkbKLQQHdxRyw73sw4FN26iWr3DY/H34xGPe4nmL1DwXyWmSWmMrA9TfQbE/XQ==",
      "requires": {
        "loose-envify": "^1.1.0",
        "object-assign": "^4.1.1"
      }
    },
    "tslib": {
      "version": "1.9.3",
      "resolved": "https://registry.npmjs.org/tslib/-/tslib-1.9.3.tgz",
      "integrity": "sha512-4krF8scpejhaOgqzBEcGM7yDIEfi0/8+8zDRZhNZZ2kjmHJ4hv3zCbQWxoJGz1iw5U0Jl0nma13xzHXcncMavQ=="
    }
  }
}
